
Microsoft Visual Studio Solution File, Format Version 12.00
# Visual Studio Version 17
VisualStudioVersion = 17.10.35004.147
MinimumVisualStudioVersion = 10.0.40219.1
Project("{2150E333-8FDC-42A3-9474-1A3956D46DE8}") = "Src", "Src", "{B62A2F30-7D44-40AF-9FCE-16A44D73475E}"
EndProject
Project("{2150E333-8FDC-42A3-9474-1A3956D46DE8}") = "Core", "Core", "{4E230D81-BE47-4EC2-8378-E5C89777445A}"
EndProject
Project("{FAE04EC0-301F-11D3-BF4B-00C04F79EFBC}") = "Domain", "Domain\Domain.csproj", "{00218987-18A4-494C-9FA6-B54BEBA3A088}"
EndProject
Project("{FAE04EC0-301F-11D3-BF4B-00C04F79EFBC}") = "Application", "Application\Application.csproj", "{7468BE40-2FD3-4D46-BC6B-909E2B729159}"
EndProject
Project("{2150E333-8FDC-42A3-9474-1A3956D46DE8}") = "Presentation", "Presentation", "{ECD60374-6655-4FF6-B1E0-03C934185D1C}"
EndProject
Project("{2150E333-8FDC-42A3-9474-1A3956D46DE8}") = "Infrastructures", "Infrastructures", "{3FB8430C-59F8-4163-8654-19D51348F8D9}"
EndProject
Project("{FAE04EC0-301F-11D3-BF4B-00C04F79EFBC}") = "Infrastructure", "Infrastructure\Infrastructure.csproj", "{58E3C03B-B5F6-4AC0-AF0B-8566EA58589B}"
EndProject
Project("{FAE04EC0-301F-11D3-BF4B-00C04F79EFBC}") = "Persistence", "Persistence\Persistence.csproj", "{6F339A20-BA71-427C-AFDD-3158667490D4}"
EndProject
Project("{FAE04EC0-301F-11D3-BF4B-00C04F79EFBC}") = "WebAPI", "WebAPI\WebAPI.csproj", "{D0A8B1D5-E211-4826-ABD6-F69F4687B7F9}"
EndProject
Global
	GlobalSection(SolutionConfigurationPlatforms) = preSolution
		Debug|Any CPU = Debug|Any CPU
		Release|Any CPU = Release|Any CPU
	EndGlobalSection
	GlobalSection(ProjectConfigurationPlatforms) = postSolution
		{00218987-18A4-494C-9FA6-B54BEBA3A088}.Debug|Any CPU.ActiveCfg = Debug|Any CPU
		{00218987-18A4-494C-9FA6-B54BEBA3A088}.Debug|Any CPU.Build.0 = Debug|Any CPU
		{00218987-18A4-494C-9FA6-B54BEBA3A088}.Release|Any CPU.ActiveCfg = Release|Any CPU
		{00218987-18A4-494C-9FA6-B54BEBA3A088}.Release|Any CPU.Build.0 = Release|Any CPU
		{7468BE40-2FD3-4D46-BC6B-909E2B729159}.Debug|Any CPU.ActiveCfg = Debug|Any CPU
		{7468BE40-2FD3-4D46-BC6B-909E2B729159}.Debug|Any CPU.Build.0 = Debug|Any CPU
		{7468BE40-2FD3-4D46-BC6B-909E2B729159}.Release|Any CPU.ActiveCfg = Release|Any CPU
		{7468BE40-2FD3-4D46-BC6B-909E2B729159}.Release|Any CPU.Build.0 = Release|Any CPU
		{58E3C03B-B5F6-4AC0-AF0B-8566EA58589B}.Debug|Any CPU.ActiveCfg = Debug|Any CPU
		{58E3C03B-B5F6-4AC0-AF0B-8566EA58589B}.Debug|Any CPU.Build.0 = Debug|Any CPU
		{58E3C03B-B5F6-4AC0-AF0B-8566EA58589B}.Release|Any CPU.ActiveCfg = Release|Any CPU
		{58E3C03B-B5F6-4AC0-AF0B-8566EA58589B}.Release|Any CPU.Build.0 = Release|Any CPU
		{6F339A20-BA71-427C-AFDD-3158667490D4}.Debug|Any CPU.ActiveCfg = Debug|Any CPU
		{6F339A20-BA71-427C-AFDD-3158667490D4}.Debug|Any CPU.Build.0 = Debug|Any CPU
		{6F339A20-BA71-427C-AFDD-3158667490D4}.Release|Any CPU.ActiveCfg = Release|Any CPU
		{6F339A20-BA71-427C-AFDD-3158667490D4}.Release|Any CPU.Build.0 = Release|Any CPU
		{D0A8B1D5-E211-4826-ABD6-F69F4687B7F9}.Debug|Any CPU.ActiveCfg = Debug|Any CPU
		{D0A8B1D5-E211-4826-ABD6-F69F4687B7F9}.Debug|Any CPU.Build.0 = Debug|Any CPU
		{D0A8B1D5-E211-4826-ABD6-F69F4687B7F9}.Release|Any CPU.ActiveCfg = Release|Any CPU
		{D0A8B1D5-E211-4826-ABD6-F69F4687B7F9}.Release|Any CPU.Build.0 = Release|Any CPU
	EndGlobalSection
	GlobalSection(SolutionProperties) = preSolution
		HideSolutionNode = FALSE
	EndGlobalSection
	GlobalSection(NestedProjects) = preSolution
		{4E230D81-BE47-4EC2-8378-E5C89777445A} = {B62A2F30-7D44-40AF-9FCE-16A44D73475E}
		{00218987-18A4-494C-9FA6-B54BEBA3A088} = {4E230D81-BE47-4EC2-8378-E5C89777445A}
		{7468BE40-2FD3-4D46-BC6B-909E2B729159} = {4E230D81-BE47-4EC2-8378-E5C89777445A}
		{ECD60374-6655-4FF6-B1E0-03C934185D1C} = {B62A2F30-7D44-40AF-9FCE-16A44D73475E}
		{3FB8430C-59F8-4163-8654-19D51348F8D9} = {B62A2F30-7D44-40AF-9FCE-16A44D73475E}
		{58E3C03B-B5F6-4AC0-AF0B-8566EA58589B} = {3FB8430C-59F8-4163-8654-19D51348F8D9}
		{6F339A20-BA71-427C-AFDD-3158667490D4} = {3FB8430C-59F8-4163-8654-19D51348F8D9}
		{D0A8B1D5-E211-4826-ABD6-F69F4687B7F9} = {ECD60374-6655-4FF6-B1E0-03C934185D1C}
	EndGlobalSection
	GlobalSection(ExtensibilityGlobals) = postSolution
		SolutionGuid = {8CD89AB6-D803-45E9-A215-B3412B61D90E}
	EndGlobalSection
EndGlobal
